
Microsoft Visual Studio Solution File, Format Version 12.00
# Visual Studio Version 17
VisualStudioVersion = 17.1.32319.34
MinimumVisualStudioVersion = 10.0.40219.1
Project("{FAE04EC0-301F-11D3-BF4B-00C04F79EFBC}") = "ClientApp", "ClientApp\ClientApp.csproj", "{FD57EF35-B232-4BDC-A0FC-AF904C065925}"
EndProject
Project("{FAE04EC0-301F-11D3-BF4B-00C04F79EFBC}") = "ServerApp", "ServerApp\ServerApp.csproj", "{42BEB7AF-0164-49EB-9DE5-885363EAFEC6}"
EndProject
Global
	GlobalSection(SolutionConfigurationPlatforms) = preSolution
		Debug|Any CPU = Debug|Any CPU
		Release|Any CPU = Release|Any CPU
	EndGlobalSection
	GlobalSection(ProjectConfigurationPlatforms) = postSolution
		{FD57EF35-B232-4BDC-A0FC-AF904C065925}.Debug|Any CPU.ActiveCfg = Debug|Any CPU
		{FD57EF35-B232-4BDC-A0FC-AF904C065925}.Debug|Any CPU.Build.0 = Debug|Any CPU
		{FD57EF35-B232-4BDC-A0FC-AF904C065925}.Release|Any CPU.ActiveCfg = Release|Any CPU
		{FD57EF35-B232-4BDC-A0FC-AF904C065925}.Release|Any CPU.Build.0 = Release|Any CPU
		{42BEB7AF-0164-49EB-9DE5-885363EAFEC6}.Debug|Any CPU.ActiveCfg = Debug|Any CPU
		{42BEB7AF-0164-49EB-9DE5-885363EAFEC6}.Debug|Any CPU.Build.0 = Debug|Any CPU
		{42BEB7AF-0164-49EB-9DE5-885363EAFEC6}.Release|Any CPU.ActiveCfg = Release|Any CPU
		{42BEB7AF-0164-49EB-9DE5-885363EAFEC6}.Release|Any CPU.Build.0 = Release|Any CPU
	EndGlobalSection
	GlobalSection(SolutionProperties) = preSolution
		HideSolutionNode = FALSE
	EndGlobalSection
	GlobalSection(ExtensibilityGlobals) = postSolution
		SolutionGuid = {87487BA1-F3AC-4FFB-AEE9-FAB428D81035}
	EndGlobalSection
EndGlobal
